// !$*UTF8*$!
{
	archiveVersion = 1;
	classes = {
	};
	objectVersion = 50;
	objects = {

/* Begin PBXBuildFile section */
		04C3A907A9E7B3D872CF6011 /* Pods_DiaryLessonTests.framework in Frameworks */ = {isa = PBXBuildFile; fileRef = 7BF4AD894481B10633EE64EC /* Pods_DiaryLessonTests.framework */; };
		093AD578EF43CFFD5F82B16F /* Pods_DiaryLesson.framework in Frameworks */ = {isa = PBXBuildFile; fileRef = D36D122E65C4ACE1E70DD51E /* Pods_DiaryLesson.framework */; };
		1312241F256E3D2F00401CFB /* AppDelegate.swift in Sources */ = {isa = PBXBuildFile; fileRef = 1312241E256E3D2F00401CFB /* AppDelegate.swift */; };
		13122421256E3D2F00401CFB /* SceneDelegate.swift in Sources */ = {isa = PBXBuildFile; fileRef = 13122420256E3D2F00401CFB /* SceneDelegate.swift */; };
		13122423256E3D2F00401CFB /* ViewController.swift in Sources */ = {isa = PBXBuildFile; fileRef = 13122422256E3D2F00401CFB /* ViewController.swift */; };
		13122426256E3D2F00401CFB /* Main.storyboard in Resources */ = {isa = PBXBuildFile; fileRef = 13122424256E3D2F00401CFB /* Main.storyboard */; };
		13122428256E3D3000401CFB /* Assets.xcassets in Resources */ = {isa = PBXBuildFile; fileRef = 13122427256E3D3000401CFB /* Assets.xcassets */; };
		1312242B256E3D3000401CFB /* LaunchScreen.storyboard in Resources */ = {isa = PBXBuildFile; fileRef = 13122429256E3D3000401CFB /* LaunchScreen.storyboard */; };
		13122436256E3D3000401CFB /* DiaryLessonTests.swift in Sources */ = {isa = PBXBuildFile; fileRef = 13122435256E3D3000401CFB /* DiaryLessonTests.swift */; };
		13122441256E3D3100401CFB /* DiaryLessonUITests.swift in Sources */ = {isa = PBXBuildFile; fileRef = 13122440256E3D3100401CFB /* DiaryLessonUITests.swift */; };
		3C527E5E07490EE51D32276E /* Pods_DiaryLesson_DiaryLessonUITests.framework in Frameworks */ = {isa = PBXBuildFile; fileRef = 98EFA936371DDC0EE80C590E /* Pods_DiaryLesson_DiaryLessonUITests.framework */; };
/* End PBXBuildFile section */

/* Begin PBXContainerItemProxy section */
		13122432256E3D3000401CFB /* PBXContainerItemProxy */ = {
			isa = PBXContainerItemProxy;
			containerPortal = 13122413256E3D2F00401CFB /* Project object */;
			proxyType = 1;
			remoteGlobalIDString = 1312241A256E3D2F00401CFB;
			remoteInfo = DiaryLesson;
		};
		1312243D256E3D3000401CFB /* PBXContainerItemProxy */ = {
			isa = PBXContainerItemProxy;
			containerPortal = 13122413256E3D2F00401CFB /* Project object */;
			proxyType = 1;
			remoteGlobalIDString = 1312241A256E3D2F00401CFB;
			remoteInfo = DiaryLesson;
		};
/* End PBXContainerItemProxy section */

/* Begin PBXFileReference section */
		1312241B256E3D2F00401CFB /* DiaryLesson.app */ = {isa = PBXFileReference; explicitFileType = wrapper.application; includeInIndex = 0; path = DiaryLesson.app; sourceTree = BUILT_PRODUCTS_DIR; };
		1312241E256E3D2F00401CFB /* AppDelegate.swift */ = {isa = PBXFileReference; lastKnownFileType = sourcecode.swift; path = AppDelegate.swift; sourceTree = "<group>"; };
		13122420256E3D2F00401CFB /* SceneDelegate.swift */ = {isa = PBXFileReference; lastKnownFileType = sourcecode.swift; path = SceneDelegate.swift; sourceTree = "<group>"; };
		13122422256E3D2F00401CFB /* ViewController.swift */ = {isa = PBXFileReference; lastKnownFileType = sourcecode.swift; path = ViewController.swift; sourceTree = "<group>"; };
		13122425256E3D2F00401CFB /* Base */ = {isa = PBXFileReference; lastKnownFileType = file.storyboard; name = Base; path = Base.lproj/Main.storyboard; sourceTree = "<group>"; };
		13122427256E3D3000401CFB /* Assets.xcassets */ = {isa = PBXFileReference; lastKnownFileType = folder.assetcatalog; path = Assets.xcassets; sourceTree = "<group>"; };
		1312242A256E3D3000401CFB /* Base */ = {isa = PBXFileReference; lastKnownFileType = file.storyboard; name = Base; path = Base.lproj/LaunchScreen.storyboard; sourceTree = "<group>"; };
		1312242C256E3D3000401CFB /* Info.plist */ = {isa = PBXFileReference; lastKnownFileType = text.plist.xml; path = Info.plist; sourceTree = "<group>"; };
		13122431256E3D3000401CFB /* DiaryLessonTests.xctest */ = {isa = PBXFileReference; explicitFileType = wrapper.cfbundle; includeInIndex = 0; path = DiaryLessonTests.xctest; sourceTree = BUILT_PRODUCTS_DIR; };
		13122435256E3D3000401CFB /* DiaryLessonTests.swift */ = {isa = PBXFileReference; lastKnownFileType = sourcecode.swift; path = DiaryLessonTests.swift; sourceTree = "<group>"; };
		13122437256E3D3000401CFB /* Info.plist */ = {isa = PBXFileReference; lastKnownFileType = text.plist.xml; path = Info.plist; sourceTree = "<group>"; };
		1312243C256E3D3000401CFB /* DiaryLessonUITests.xctest */ = {isa = PBXFileReference; explicitFileType = wrapper.cfbundle; includeInIndex = 0; path = DiaryLessonUITests.xctest; sourceTree = BUILT_PRODUCTS_DIR; };
		13122440256E3D3100401CFB /* DiaryLessonUITests.swift */ = {isa = PBXFileReference; lastKnownFileType = sourcecode.swift; path = DiaryLessonUITests.swift; sourceTree = "<group>"; };
		13122442256E3D3100401CFB /* Info.plist */ = {isa = PBXFileReference; lastKnownFileType = text.plist.xml; path = Info.plist; sourceTree = "<group>"; };
		69B6A06AD4217DC9E180E6D9 /* Pods-DiaryLessonTests.debug.xcconfig */ = {isa = PBXFileReference; includeInIndex = 1; lastKnownFileType = text.xcconfig; name = "Pods-DiaryLessonTests.debug.xcconfig"; path = "Target Support Files/Pods-DiaryLessonTests/Pods-DiaryLessonTests.debug.xcconfig"; sourceTree = "<group>"; };
		78AD6523B6BB7B3F4B7FB51A /* Pods-DiaryLesson-DiaryLessonUITests.release.xcconfig */ = {isa = PBXFileReference; includeInIndex = 1; lastKnownFileType = text.xcconfig; name = "Pods-DiaryLesson-DiaryLessonUITests.release.xcconfig"; path = "Target Support Files/Pods-DiaryLesson-DiaryLessonUITests/Pods-DiaryLesson-DiaryLessonUITests.release.xcconfig"; sourceTree = "<group>"; };
		7BF4AD894481B10633EE64EC /* Pods_DiaryLessonTests.framework */ = {isa = PBXFileReference; explicitFileType = wrapper.framework; includeInIndex = 0; path = Pods_DiaryLessonTests.framework; sourceTree = BUILT_PRODUCTS_DIR; };
		8C5095B648689A1506167239 /* Pods-DiaryLesson-DiaryLessonUITests.debug.xcconfig */ = {isa = PBXFileReference; includeInIndex = 1; lastKnownFileType = text.xcconfig; name = "Pods-DiaryLesson-DiaryLessonUITests.debug.xcconfig"; path = "Target Support Files/Pods-DiaryLesson-DiaryLessonUITests/Pods-DiaryLesson-DiaryLessonUITests.debug.xcconfig"; sourceTree = "<group>"; };
		98EFA936371DDC0EE80C590E /* Pods_DiaryLesson_DiaryLessonUITests.framework */ = {isa = PBXFileReference; explicitFileType = wrapper.framework; includeInIndex = 0; path = Pods_DiaryLesson_DiaryLessonUITests.framework; sourceTree = BUILT_PRODUCTS_DIR; };
		AF88F563C2F843DDAEEE25E5 /* Pods-DiaryLesson.release.xcconfig */ = {isa = PBXFileReference; includeInIndex = 1; lastKnownFileType = text.xcconfig; name = "Pods-DiaryLesson.release.xcconfig"; path = "Target Support Files/Pods-DiaryLesson/Pods-DiaryLesson.release.xcconfig"; sourceTree = "<group>"; };
		AFF2627F1D8F427889D6E396 /* Pods-DiaryLessonTests.release.xcconfig */ = {isa = PBXFileReference; includeInIndex = 1; lastKnownFileType = text.xcconfig; name = "Pods-DiaryLessonTests.release.xcconfig"; path = "Target Support Files/Pods-DiaryLessonTests/Pods-DiaryLessonTests.release.xcconfig"; sourceTree = "<group>"; };
		D36D122E65C4ACE1E70DD51E /* Pods_DiaryLesson.framework */ = {isa = PBXFileReference; explicitFileType = wrapper.framework; includeInIndex = 0; path = Pods_DiaryLesson.framework; sourceTree = BUILT_PRODUCTS_DIR; };
		EBFD7103A4EA8F34D73E6231 /* Pods-DiaryLesson.debug.xcconfig */ = {isa = PBXFileReference; includeInIndex = 1; lastKnownFileType = text.xcconfig; name = "Pods-DiaryLesson.debug.xcconfig"; path = "Target Support Files/Pods-DiaryLesson/Pods-DiaryLesson.debug.xcconfig"; sourceTree = "<group>"; };
/* End PBXFileReference section */

/* Begin PBXFrameworksBuildPhase section */
		13122418256E3D2F00401CFB /* Frameworks */ = {
			isa = PBXFrameworksBuildPhase;
			buildActionMask = 2147483647;
			files = (
				093AD578EF43CFFD5F82B16F /* Pods_DiaryLesson.framework in Frameworks */,
			);
			runOnlyForDeploymentPostprocessing = 0;
		};
		1312242E256E3D3000401CFB /* Frameworks */ = {
			isa = PBXFrameworksBuildPhase;
			buildActionMask = 2147483647;
			files = (
				04C3A907A9E7B3D872CF6011 /* Pods_DiaryLessonTests.framework in Frameworks */,
			);
			runOnlyForDeploymentPostprocessing = 0;
		};
		13122439256E3D3000401CFB /* Frameworks */ = {
			isa = PBXFrameworksBuildPhase;
			buildActionMask = 2147483647;
			files = (
				3C527E5E07490EE51D32276E /* Pods_DiaryLesson_DiaryLessonUITests.framework in Frameworks */,
			);
			runOnlyForDeploymentPostprocessing = 0;
		};
/* End PBXFrameworksBuildPhase section */

/* Begin PBXGroup section */
		13122412256E3D2F00401CFB = {
			isa = PBXGroup;
			children = (
				1312241D256E3D2F00401CFB /* DiaryLesson */,
				13122434256E3D3000401CFB /* DiaryLessonTests */,
				1312243F256E3D3000401CFB /* DiaryLessonUITests */,
				1312241C256E3D2F00401CFB /* Products */,
				6F66505973583E59B1849E7D /* Pods */,
				5025CE472CFABDBADE05EB25 /* Frameworks */,
			);
			sourceTree = "<group>";
		};
		1312241C256E3D2F00401CFB /* Products */ = {
			isa = PBXGroup;
			children = (
				1312241B256E3D2F00401CFB /* DiaryLesson.app */,
				13122431256E3D3000401CFB /* DiaryLessonTests.xctest */,
				1312243C256E3D3000401CFB /* DiaryLessonUITests.xctest */,
			);
			name = Products;
			sourceTree = "<group>";
		};
		1312241D256E3D2F00401CFB /* DiaryLesson */ = {
			isa = PBXGroup;
			children = (
				1312241E256E3D2F00401CFB /* AppDelegate.swift */,
				13122420256E3D2F00401CFB /* SceneDelegate.swift */,
				13122422256E3D2F00401CFB /* ViewController.swift */,
				13122424256E3D2F00401CFB /* Main.storyboard */,
				13122427256E3D3000401CFB /* Assets.xcassets */,
				13122429256E3D3000401CFB /* LaunchScreen.storyboard */,
				1312242C256E3D3000401CFB /* Info.plist */,
			);
			path = DiaryLesson;
			sourceTree = "<group>";
		};
		13122434256E3D3000401CFB /* DiaryLessonTests */ = {
			isa = PBXGroup;
			children = (
				13122435256E3D3000401CFB /* DiaryLessonTests.swift */,
				13122437256E3D3000401CFB /* Info.plist */,
			);
			path = DiaryLessonTests;
			sourceTree = "<group>";
		};
		1312243F256E3D3000401CFB /* DiaryLessonUITests */ = {
			isa = PBXGroup;
			children = (
				13122440256E3D3100401CFB /* DiaryLessonUITests.swift */,
				13122442256E3D3100401CFB /* Info.plist */,
			);
			path = DiaryLessonUITests;
			sourceTree = "<group>";
		};
		5025CE472CFABDBADE05EB25 /* Frameworks */ = {
			isa = PBXGroup;
			children = (
				D36D122E65C4ACE1E70DD51E /* Pods_DiaryLesson.framework */,
				98EFA936371DDC0EE80C590E /* Pods_DiaryLesson_DiaryLessonUITests.framework */,
				7BF4AD894481B10633EE64EC /* Pods_DiaryLessonTests.framework */,
			);
			name = Frameworks;
			sourceTree = "<group>";
		};
		6F66505973583E59B1849E7D /* Pods */ = {
			isa = PBXGroup;
			children = (
				EBFD7103A4EA8F34D73E6231 /* Pods-DiaryLesson.debug.xcconfig */,
				AF88F563C2F843DDAEEE25E5 /* Pods-DiaryLesson.release.xcconfig */,
				8C5095B648689A1506167239 /* Pods-DiaryLesson-DiaryLessonUITests.debug.xcconfig */,
				78AD6523B6BB7B3F4B7FB51A /* Pods-DiaryLesson-DiaryLessonUITests.release.xcconfig */,
				69B6A06AD4217DC9E180E6D9 /* Pods-DiaryLessonTests.debug.xcconfig */,
				AFF2627F1D8F427889D6E396 /* Pods-DiaryLessonTests.release.xcconfig */,
			);
			name = Pods;
			path = Pods;
			sourceTree = "<group>";
		};
/* End PBXGroup section */

/* Begin PBXNativeTarget section */
		1312241A256E3D2F00401CFB /* DiaryLesson */ = {
			isa = PBXNativeTarget;
			buildConfigurationList = 13122445256E3D3100401CFB /* Build configuration list for PBXNativeTarget "DiaryLesson" */;
			buildPhases = (
				84C7AAD79231E1F20339940F /* [CP] Check Pods Manifest.lock */,
				13122417256E3D2F00401CFB /* Sources */,
				13122418256E3D2F00401CFB /* Frameworks */,
				13122419256E3D2F00401CFB /* Resources */,
				2FE2748476D36A82A455B9BB /* [CP] Embed Pods Frameworks */,
			);
			buildRules = (
			);
			dependencies = (
			);
			name = DiaryLesson;
			productName = DiaryLesson;
			productReference = 1312241B256E3D2F00401CFB /* DiaryLesson.app */;
			productType = "com.apple.product-type.application";
		};
		13122430256E3D3000401CFB /* DiaryLessonTests */ = {
			isa = PBXNativeTarget;
			buildConfigurationList = 13122448256E3D3100401CFB /* Build configuration list for PBXNativeTarget "DiaryLessonTests" */;
			buildPhases = (
				80F734A0757D284DAF0760DB /* [CP] Check Pods Manifest.lock */,
				1312242D256E3D3000401CFB /* Sources */,
				1312242E256E3D3000401CFB /* Frameworks */,
				1312242F256E3D3000401CFB /* Resources */,
			);
			buildRules = (
			);
			dependencies = (
				13122433256E3D3000401CFB /* PBXTargetDependency */,
			);
			name = DiaryLessonTests;
			productName = DiaryLessonTests;
			productReference = 13122431256E3D3000401CFB /* DiaryLessonTests.xctest */;
			productType = "com.apple.product-type.bundle.unit-test";
		};
		1312243B256E3D3000401CFB /* DiaryLessonUITests */ = {
			isa = PBXNativeTarget;
			buildConfigurationList = 1312244B256E3D3100401CFB /* Build configuration list for PBXNativeTarget "DiaryLessonUITests" */;
			buildPhases = (
				9AFACB6D64562668158C5535 /* [CP] Check Pods Manifest.lock */,
				13122438256E3D3000401CFB /* Sources */,
				13122439256E3D3000401CFB /* Frameworks */,
				1312243A256E3D3000401CFB /* Resources */,
				323FB6317C56135E2AE041EF /* [CP] Embed Pods Frameworks */,
			);
			buildRules = (
			);
			dependencies = (
				1312243E256E3D3000401CFB /* PBXTargetDependency */,
			);
			name = DiaryLessonUITests;
			productName = DiaryLessonUITests;
			productReference = 1312243C256E3D3000401CFB /* DiaryLessonUITests.xctest */;
			productType = "com.apple.product-type.bundle.ui-testing";
		};
/* End PBXNativeTarget section */

/* Begin PBXProject section */
		13122413256E3D2F00401CFB /* Project object */ = {
			isa = PBXProject;
			attributes = {
				LastSwiftUpdateCheck = 1220;
				LastUpgradeCheck = 1220;
				TargetAttributes = {
					1312241A256E3D2F00401CFB = {
						CreatedOnToolsVersion = 12.2;
					};
					13122430256E3D3000401CFB = {
						CreatedOnToolsVersion = 12.2;
						TestTargetID = 1312241A256E3D2F00401CFB;
					};
					1312243B256E3D3000401CFB = {
						CreatedOnToolsVersion = 12.2;
						TestTargetID = 1312241A256E3D2F00401CFB;
					};
				};
			};
			buildConfigurationList = 13122416256E3D2F00401CFB /* Build configuration list for PBXProject "DiaryLesson" */;
			compatibilityVersion = "Xcode 9.3";
			developmentRegion = en;
			hasScannedForEncodings = 0;
			knownRegions = (
				en,
				Base,
			);
			mainGroup = 13122412256E3D2F00401CFB;
			productRefGroup = 1312241C256E3D2F00401CFB /* Products */;
			projectDirPath = "";
			projectRoot = "";
			targets = (
				1312241A256E3D2F00401CFB /* DiaryLesson */,
				13122430256E3D3000401CFB /* DiaryLessonTests */,
				1312243B256E3D3000401CFB /* DiaryLessonUITests */,
			);
		};
/* End PBXProject section */

/* Begin PBXResourcesBuildPhase section */
		13122419256E3D2F00401CFB /* Resources */ = {
			isa = PBXResourcesBuildPhase;
			buildActionMask = 2147483647;
			files = (
				1312242B256E3D3000401CFB /* LaunchScreen.storyboard in Resources */,
				13122428256E3D3000401CFB /* Assets.xcassets in Resources */,
				13122426256E3D2F00401CFB /* Main.storyboard in Resources */,
			);
			runOnlyForDeploymentPostprocessing = 0;
		};
		1312242F256E3D3000401CFB /* Resources */ = {
			isa = PBXResourcesBuildPhase;
			buildActionMask = 2147483647;
			files = (
			);
			runOnlyForDeploymentPostprocessing = 0;
		};
		1312243A256E3D3000401CFB /* Resources */ = {
			isa = PBXResourcesBuildPhase;
			buildActionMask = 2147483647;
			files = (
			);
			runOnlyForDeploymentPostprocessing = 0;
		};
/* End PBXResourcesBuildPhase section */

/* Begin PBXShellScriptBuildPhase section */
		2FE2748476D36A82A455B9BB /* [CP] Embed Pods Frameworks */ = {
			isa = PBXShellScriptBuildPhase;
			buildActionMask = 2147483647;
			files = (
			);
			inputFileListPaths = (
				"${PODS_ROOT}/Target Support Files/Pods-DiaryLesson/Pods-DiaryLesson-frameworks-${CONFIGURATION}-input-files.xcfilelist",
			);
			name = "[CP] Embed Pods Frameworks";
			outputFileListPaths = (
				"${PODS_ROOT}/Target Support Files/Pods-DiaryLesson/Pods-DiaryLesson-frameworks-${CONFIGURATION}-output-files.xcfilelist",
			);
			runOnlyForDeploymentPostprocessing = 0;
			shellPath = /bin/sh;
			shellScript = "\"${PODS_ROOT}/Target Support Files/Pods-DiaryLesson/Pods-DiaryLesson-frameworks.sh\"\n";
			showEnvVarsInLog = 0;
		};
		323FB6317C56135E2AE041EF /* [CP] Embed Pods Frameworks */ = {
			isa = PBXShellScriptBuildPhase;
			buildActionMask = 2147483647;
			files = (
			);
			inputFileListPaths = (
				"${PODS_ROOT}/Target Support Files/Pods-DiaryLesson-DiaryLessonUITests/Pods-DiaryLesson-DiaryLessonUITests-frameworks-${CONFIGURATION}-input-files.xcfilelist",
			);
			name = "[CP] Embed Pods Frameworks";
			outputFileListPaths = (
				"${PODS_ROOT}/Target Support Files/Pods-DiaryLesson-DiaryLessonUITests/Pods-DiaryLesson-DiaryLessonUITests-frameworks-${CONFIGURATION}-output-files.xcfilelist",
			);
			runOnlyForDeploymentPostprocessing = 0;
			shellPath = /bin/sh;
			shellScript = "\"${PODS_ROOT}/Target Support Files/Pods-DiaryLesson-DiaryLessonUITests/Pods-DiaryLesson-DiaryLessonUITests-frameworks.sh\"\n";
			showEnvVarsInLog = 0;
		};
		80F734A0757D284DAF0760DB /* [CP] Check Pods Manifest.lock */ = {
			isa = PBXShellScriptBuildPhase;
			buildActionMask = 2147483647;
			files = (
			);
			inputFileListPaths = (
			);
			inputPaths = (
				"${PODS_PODFILE_DIR_PATH}/Podfile.lock",
				"${PODS_ROOT}/Manifest.lock",
			);
			name = "[CP] Check Pods Manifest.lock";
			outputFileListPaths = (
			);
			outputPaths = (
				"$(DERIVED_FILE_DIR)/Pods-DiaryLessonTests-checkManifestLockResult.txt",
			);
			runOnlyForDeploymentPostprocessing = 0;
			shellPath = /bin/sh;
			shellScript = "diff \"${PODS_PODFILE_DIR_PATH}/Podfile.lock\" \"${PODS_ROOT}/Manifest.lock\" > /dev/null\nif [ $? != 0 ] ; then\n    # print error to STDERR\n    echo \"error: The sandbox is not in sync with the Podfile.lock. Run 'pod install' or update your CocoaPods installation.\" >&2\n    exit 1\nfi\n# This output is used by Xcode 'outputs' to avoid re-running this script phase.\necho \"SUCCESS\" > \"${SCRIPT_OUTPUT_FILE_0}\"\n";
			showEnvVarsInLog = 0;
		};
		84C7AAD79231E1F20339940F /* [CP] Check Pods Manifest.lock */ = {
			isa = PBXShellScriptBuildPhase;
			buildActionMask = 2147483647;
			files = (
			);
			inputFileListPaths = (
			);
			inputPaths = (
				"${PODS_PODFILE_DIR_PATH}/Podfile.lock",
				"${PODS_ROOT}/Manifest.lock",
			);
			name = "[CP] Check Pods Manifest.lock";
			outputFileListPaths = (
			);
			outputPaths = (
				"$(DERIVED_FILE_DIR)/Pods-DiaryLesson-checkManifestLockResult.txt",
			);
			runOnlyForDeploymentPostprocessing = 0;
			shellPath = /bin/sh;
			shellScript = "diff \"${PODS_PODFILE_DIR_PATH}/Podfile.lock\" \"${PODS_ROOT}/Manifest.lock\" > /dev/null\nif [ $? != 0 ] ; then\n    # print error to STDERR\n    echo \"error: The sandbox is not in sync with the Podfile.lock. Run 'pod install' or update your CocoaPods installation.\" >&2\n    exit 1\nfi\n# This output is used by Xcode 'outputs' to avoid re-running this script phase.\necho \"SUCCESS\" > \"${SCRIPT_OUTPUT_FILE_0}\"\n";
			showEnvVarsInLog = 0;
		};
		9AFACB6D64562668158C5535 /* [CP] Check Pods Manifest.lock */ = {
			isa = PBXShellScriptBuildPhase;
			buildActionMask = 2147483647;
			files = (
			);
			inputFileListPaths = (
			);
			inputPaths = (
				"${PODS_PODFILE_DIR_PATH}/Podfile.lock",
				"${PODS_ROOT}/Manifest.lock",
			);
			name = "[CP] Check Pods Manifest.lock";
			outputFileListPaths = (
			);
			outputPaths = (
				"$(DERIVED_FILE_DIR)/Pods-DiaryLesson-DiaryLessonUITests-checkManifestLockResult.txt",
			);
			runOnlyForDeploymentPostprocessing = 0;
			shellPath = /bin/sh;
			shellScript = "diff \"${PODS_PODFILE_DIR_PATH}/Podfile.lock\" \"${PODS_ROOT}/Manifest.lock\" > /dev/null\nif [ $? != 0 ] ; then\n    # print error to STDERR\n    echo \"error: The sandbox is not in sync with the Podfile.lock. Run 'pod install' or update your CocoaPods installation.\" >&2\n    exit 1\nfi\n# This output is used by Xcode 'outputs' to avoid re-running this script phase.\necho \"SUCCESS\" > \"${SCRIPT_OUTPUT_FILE_0}\"\n";
			showEnvVarsInLog = 0;
		};
/* End PBXShellScriptBuildPhase section */

/* Begin PBXSourcesBuildPhase section */
		13122417256E3D2F00401CFB /* Sources */ = {
			isa = PBXSourcesBuildPhase;
			buildActionMask = 2147483647;
			files = (
				13122423256E3D2F00401CFB /* ViewController.swift in Sources */,
				1312241F256E3D2F00401CFB /* AppDelegate.swift in Sources */,
				13122421256E3D2F00401CFB /* SceneDelegate.swift in Sources */,
			);
			runOnlyForDeploymentPostprocessing = 0;
		};
		1312242D256E3D3000401CFB /* Sources */ = {
			isa = PBXSourcesBuildPhase;
			buildActionMask = 2147483647;
			files = (
				13122436256E3D3000401CFB /* DiaryLessonTests.swift in Sources */,
			);
			runOnlyForDeploymentPostprocessing = 0;
		};
		13122438256E3D3000401CFB /* Sources */ = {
			isa = PBXSourcesBuildPhase;
			buildActionMask = 2147483647;
			files = (
				13122441256E3D3100401CFB /* DiaryLessonUITests.swift in Sources */,
			);
			runOnlyForDeploymentPostprocessing = 0;
		};
/* End PBXSourcesBuildPhase section */

/* Begin PBXTargetDependency section */
		13122433256E3D3000401CFB /* PBXTargetDependency */ = {
			isa = PBXTargetDependency;
			target = 1312241A256E3D2F00401CFB /* DiaryLesson */;
			targetProxy = 13122432256E3D3000401CFB /* PBXContainerItemProxy */;
		};
		1312243E256E3D3000401CFB /* PBXTargetDependency */ = {
			isa = PBXTargetDependency;
			target = 1312241A256E3D2F00401CFB /* DiaryLesson */;
			targetProxy = 1312243D256E3D3000401CFB /* PBXContainerItemProxy */;
		};
/* End PBXTargetDependency section */

/* Begin PBXVariantGroup section */
		13122424256E3D2F00401CFB /* Main.storyboard */ = {
			isa = PBXVariantGroup;
			children = (
				13122425256E3D2F00401CFB /* Base */,
			);
			name = Main.storyboard;
			sourceTree = "<group>";
		};
		13122429256E3D3000401CFB /* LaunchScreen.storyboard */ = {
			isa = PBXVariantGroup;
			children = (
				1312242A256E3D3000401CFB /* Base */,
			);
			name = LaunchScreen.storyboard;
			sourceTree = "<group>";
		};
/* End PBXVariantGroup section */

/* Begin XCBuildConfiguration section */
		13122443256E3D3100401CFB /* Debug */ = {
			isa = XCBuildConfiguration;
			buildSettings = {
				ALWAYS_SEARCH_USER_PATHS = NO;
				CLANG_ANALYZER_NONNULL = YES;
				CLANG_ANALYZER_NUMBER_OBJECT_CONVERSION = YES_AGGRESSIVE;
				CLANG_CXX_LANGUAGE_STANDARD = "gnu++14";
				CLANG_CXX_LIBRARY = "libc++";
				CLANG_ENABLE_MODULES = YES;
				CLANG_ENABLE_OBJC_ARC = YES;
				CLANG_ENABLE_OBJC_WEAK = YES;
				CLANG_WARN_BLOCK_CAPTURE_AUTORELEASING = YES;
				CLANG_WARN_BOOL_CONVERSION = YES;
				CLANG_WARN_COMMA = YES;
				CLANG_WARN_CONSTANT_CONVERSION = YES;
				CLANG_WARN_DEPRECATED_OBJC_IMPLEMENTATIONS = YES;
				CLANG_WARN_DIRECT_OBJC_ISA_USAGE = YES_ERROR;
				CLANG_WARN_DOCUMENTATION_COMMENTS = YES;
				CLANG_WARN_EMPTY_BODY = YES;
				CLANG_WARN_ENUM_CONVERSION = YES;
				CLANG_WARN_INFINITE_RECURSION = YES;
				CLANG_WARN_INT_CONVERSION = YES;
				CLANG_WARN_NON_LITERAL_NULL_CONVERSION = YES;
				CLANG_WARN_OBJC_IMPLICIT_RETAIN_SELF = YES;
				CLANG_WARN_OBJC_LITERAL_CONVERSION = YES;
				CLANG_WARN_OBJC_ROOT_CLASS = YES_ERROR;
				CLANG_WARN_QUOTED_INCLUDE_IN_FRAMEWORK_HEADER = YES;
				CLANG_WARN_RANGE_LOOP_ANALYSIS = YES;
				CLANG_WARN_STRICT_PROTOTYPES = YES;
				CLANG_WARN_SUSPICIOUS_MOVE = YES;
				CLANG_WARN_UNGUARDED_AVAILABILITY = YES_AGGRESSIVE;
				CLANG_WARN_UNREACHABLE_CODE = YES;
				CLANG_WARN__DUPLICATE_METHOD_MATCH = YES;
				COPY_PHASE_STRIP = NO;
				DEBUG_INFORMATION_FORMAT = dwarf;
				ENABLE_STRICT_OBJC_MSGSEND = YES;
				ENABLE_TESTABILITY = YES;
				GCC_C_LANGUAGE_STANDARD = gnu11;
				GCC_DYNAMIC_NO_PIC = NO;
				GCC_NO_COMMON_BLOCKS = YES;
				GCC_OPTIMIZATION_LEVEL = 0;
				GCC_PREPROCESSOR_DEFINITIONS = (
					"DEBUG=1",
					"$(inherited)",
				);
				GCC_WARN_64_TO_32_BIT_CONVERSION = YES;
				GCC_WARN_ABOUT_RETURN_TYPE = YES_ERROR;
				GCC_WARN_UNDECLARED_SELECTOR = YES;
				GCC_WARN_UNINITIALIZED_AUTOS = YES_AGGRESSIVE;
				GCC_WARN_UNUSED_FUNCTION = YES;
				GCC_WARN_UNUSED_VARIABLE = YES;
				IPHONEOS_DEPLOYMENT_TARGET = 14.2;
				MTL_ENABLE_DEBUG_INFO = INCLUDE_SOURCE;
				MTL_FAST_MATH = YES;
				ONLY_ACTIVE_ARCH = YES;
				SDKROOT = iphoneos;
				SWIFT_ACTIVE_COMPILATION_CONDITIONS = DEBUG;
				SWIFT_OPTIMIZATION_LEVEL = "-Onone";
			};
			name = Debug;
		};
		13122444256E3D3100401CFB /* Release */ = {
			isa = XCBuildConfiguration;
			buildSettings = {
				ALWAYS_SEARCH_USER_PATHS = NO;
				CLANG_ANALYZER_NONNULL = YES;
				CLANG_ANALYZER_NUMBER_OBJECT_CONVERSION = YES_AGGRESSIVE;
				CLANG_CXX_LANGUAGE_STANDARD = "gnu++14";
				CLANG_CXX_LIBRARY = "libc++";
				CLANG_ENABLE_MODULES = YES;
				CLANG_ENABLE_OBJC_ARC = YES;
				CLANG_ENABLE_OBJC_WEAK = YES;
				CLANG_WARN_BLOCK_CAPTURE_AUTORELEASING = YES;
				CLANG_WARN_BOOL_CONVERSION = YES;
				CLANG_WARN_COMMA = YES;
				CLANG_WARN_CONSTANT_CONVERSION = YES;
				CLANG_WARN_DEPRECATED_OBJC_IMPLEMENTATIONS = YES;
				CLANG_WARN_DIRECT_OBJC_ISA_USAGE = YES_ERROR;
				CLANG_WARN_DOCUMENTATION_COMMENTS = YES;
				CLANG_WARN_EMPTY_BODY = YES;
				CLANG_WARN_ENUM_CONVERSION = YES;
				CLANG_WARN_INFINITE_RECURSION = YES;
				CLANG_WARN_INT_CONVERSION = YES;
				CLANG_WARN_NON_LITERAL_NULL_CONVERSION = YES;
				CLANG_WARN_OBJC_IMPLICIT_RETAIN_SELF = YES;
				CLANG_WARN_OBJC_LITERAL_CONVERSION = YES;
				CLANG_WARN_OBJC_ROOT_CLASS = YES_ERROR;
				CLANG_WARN_QUOTED_INCLUDE_IN_FRAMEWORK_HEADER = YES;
				CLANG_WARN_RANGE_LOOP_ANALYSIS = YES;
				CLANG_WARN_STRICT_PROTOTYPES = YES;
				CLANG_WARN_SUSPICIOUS_MOVE = YES;
				CLANG_WARN_UNGUARDED_AVAILABILITY = YES_AGGRESSIVE;
				CLANG_WARN_UNREACHABLE_CODE = YES;
				CLANG_WARN__DUPLICATE_METHOD_MATCH = YES;
				COPY_PHASE_STRIP = NO;
				DEBUG_INFORMATION_FORMAT = "dwarf-with-dsym";
				ENABLE_NS_ASSERTIONS = NO;
				ENABLE_STRICT_OBJC_MSGSEND = YES;
				GCC_C_LANGUAGE_STANDARD = gnu11;
				GCC_NO_COMMON_BLOCKS = YES;
				GCC_WARN_64_TO_32_BIT_CONVERSION = YES;
				GCC_WARN_ABOUT_RETURN_TYPE = YES_ERROR;
				GCC_WARN_UNDECLARED_SELECTOR = YES;
				GCC_WARN_UNINITIALIZED_AUTOS = YES_AGGRESSIVE;
				GCC_WARN_UNUSED_FUNCTION = YES;
				GCC_WARN_UNUSED_VARIABLE = YES;
				IPHONEOS_DEPLOYMENT_TARGET = 14.2;
				MTL_ENABLE_DEBUG_INFO = NO;
				MTL_FAST_MATH = YES;
				SDKROOT = iphoneos;
				SWIFT_COMPILATION_MODE = wholemodule;
				SWIFT_OPTIMIZATION_LEVEL = "-O";
				VALIDATE_PRODUCT = YES;
			};
			name = Release;
		};
		13122446256E3D3100401CFB /* Debug */ = {
			isa = XCBuildConfiguration;
			baseConfigurationReference = EBFD7103A4EA8F34D73E6231 /* Pods-DiaryLesson.debug.xcconfig */;
			buildSettings = {
				ASSETCATALOG_COMPILER_APPICON_NAME = AppIcon;
				ASSETCATALOG_COMPILER_GLOBAL_ACCENT_COLOR_NAME = AccentColor;
				CODE_SIGN_STYLE = Automatic;
				DEVELOPMENT_TEAM = 6B6DN368XY;
				INFOPLIST_FILE = DiaryLesson/Info.plist;
				LD_RUNPATH_SEARCH_PATHS = (
					"$(inherited)",
					"@executable_path/Frameworks",
				);
				PRODUCT_BUNDLE_IDENTIFIER = com.keitayamada.DiaryLesson;
				PRODUCT_NAME = "$(TARGET_NAME)";
				SWIFT_VERSION = 5.0;
				TARGETED_DEVICE_FAMILY = "1,2";
			};
			name = Debug;
		};
		13122447256E3D3100401CFB /* Release */ = {
			isa = XCBuildConfiguration;
			baseConfigurationReference = AF88F563C2F843DDAEEE25E5 /* Pods-DiaryLesson.release.xcconfig */;
			buildSettings = {
				ASSETCATALOG_COMPILER_APPICON_NAME = AppIcon;
				ASSETCATALOG_COMPILER_GLOBAL_ACCENT_COLOR_NAME = AccentColor;
				CODE_SIGN_STYLE = Automatic;
				DEVELOPMENT_TEAM = 6B6DN368XY;
				INFOPLIST_FILE = DiaryLesson/Info.plist;
				LD_RUNPATH_SEARCH_PATHS = (
					"$(inherited)",
					"@executable_path/Frameworks",
				);
				PRODUCT_BUNDLE_IDENTIFIER = com.keitayamada.DiaryLesson;
				PRODUCT_NAME = "$(TARGET_NAME)";
				SWIFT_VERSION = 5.0;
				TARGETED_DEVICE_FAMILY = "1,2";
			};
			name = Release;
		};
		13122449256E3D3100401CFB /* Debug */ = {
			isa = XCBuildConfiguration;
			baseConfigurationReference = 69B6A06AD4217DC9E180E6D9 /* Pods-DiaryLessonTests.debug.xcconfig */;
			buildSettings = {
				ALWAYS_EMBED_SWIFT_STANDARD_LIBRARIES = YES;
				BUNDLE_LOADER = "$(TEST_HOST)";
				CODE_SIGN_STYLE = Automatic;
				DEVELOPMENT_TEAM = 6B6DN368XY;
				INFOPLIST_FILE = DiaryLessonTests/Info.plist;
				IPHONEOS_DEPLOYMENT_TARGET = 14.2;
				LD_RUNPATH_SEARCH_PATHS = (
					"$(inherited)",
					"@executable_path/Frameworks",
					"@loader_path/Frameworks",
				);
				PRODUCT_BUNDLE_IDENTIFIER = com.keitayamada.DiaryLessonTests;
				PRODUCT_NAME = "$(TARGET_NAME)";
				SWIFT_VERSION = 5.0;
				TARGETED_DEVICE_FAMILY = "1,2";
				TEST_HOST = "$(BUILT_PRODUCTS_DIR)/DiaryLesson.app/DiaryLesson";
			};
			name = Debug;
		};
		1312244A256E3D3100401CFB /* Release */ = {
			isa = XCBuildConfiguration;
			baseConfigurationReference = AFF2627F1D8F427889D6E396 /* Pods-DiaryLessonTests.release.xcconfig */;
			buildSettings = {
				ALWAYS_EMBED_SWIFT_STANDARD_LIBRARIES = YES;
				BUNDLE_LOADER = "$(TEST_HOST)";
				CODE_SIGN_STYLE = Automatic;
				DEVELOPMENT_TEAM = 6B6DN368XY;
				INFOPLIST_FILE = DiaryLessonTests/Info.plist;
				IPHONEOS_DEPLOYMENT_TARGET = 14.2;
				LD_RUNPATH_SEARCH_PATHS = (
					"$(inherited)",
					"@executable_path/Frameworks",
					"@loader_path/Frameworks",
				);
				PRODUCT_BUNDLE_IDENTIFIER = com.keitayamada.DiaryLessonTests;
				PRODUCT_NAME = "$(TARGET_NAME)";
				SWIFT_VERSION = 5.0;
				TARGETED_DEVICE_FAMILY = "1,2";
				TEST_HOST = "$(BUILT_PRODUCTS_DIR)/DiaryLesson.app/DiaryLesson";
			};
			name = Release;
		};
		1312244C256E3D3100401CFB /* Debug */ = {
			isa = XCBuildConfiguration;
			baseConfigurationReference = 8C5095B648689A1506167239 /* Pods-DiaryLesson-DiaryLessonUITests.debug.xcconfig */;
			buildSettings = {
				ALWAYS_EMBED_SWIFT_STANDARD_LIBRARIES = YES;
				CODE_SIGN_STYLE = Automatic;
				DEVELOPMENT_TEAM = 6B6DN368XY;
				INFOPLIST_FILE = DiaryLessonUITests/Info.plist;
				LD_RUNPATH_SEARCH_PATHS = (
					"$(inherited)",
					"@executable_path/Frameworks",
					"@loader_path/Frameworks",
				);
				PRODUCT_BUNDLE_IDENTIFIER = com.keitayamada.DiaryLessonUITests;
				PRODUCT_NAME = "$(TARGET_NAME)";
				SWIFT_VERSION = 5.0;
				TARGETED_DEVICE_FAMILY = "1,2";
				TEST_TARGET_NAME = DiaryLesson;
			};
			name = Debug;
		};
		1312244D256E3D3100401CFB /* Release */ = {
			isa = XCBuildConfiguration;
			baseConfigurationReference = 78AD6523B6BB7B3F4B7FB51A /* Pods-DiaryLesson-DiaryLessonUITests.release.xcconfig */;
			buildSettings = {
				ALWAYS_EMBED_SWIFT_STANDARD_LIBRARIES = YES;
				CODE_SIGN_STYLE = Automatic;
				DEVELOPMENT_TEAM = 6B6DN368XY;
				INFOPLIST_FILE = DiaryLessonUITests/Info.plist;
				LD_RUNPATH_SEARCH_PATHS = (
					"$(inherited)",
					"@executable_path/Frameworks",
					"@loader_path/Frameworks",
				);
				PRODUCT_BUNDLE_IDENTIFIER = com.keitayamada.DiaryLessonUITests;
				PRODUCT_NAME = "$(TARGET_NAME)";
				SWIFT_VERSION = 5.0;
				TARGETED_DEVICE_FAMILY = "1,2";
				TEST_TARGET_NAME = DiaryLesson;
			};
			name = Release;
		};
/* End XCBuildConfiguration section */

/* Begin XCConfigurationList section */
		13122416256E3D2F00401CFB /* Build configuration list for PBXProject "DiaryLesson" */ = {
			isa = XCConfigurationList;
			buildConfigurations = (
				13122443256E3D3100401CFB /* Debug */,
				13122444256E3D3100401CFB /* Release */,
			);
			defaultConfigurationIsVisible = 0;
			defaultConfigurationName = Release;
		};
		13122445256E3D3100401CFB /* Build configuration list for PBXNativeTarget "DiaryLesson" */ = {
			isa = XCConfigurationList;
			buildConfigurations = (
				13122446256E3D3100401CFB /* Debug */,
				13122447256E3D3100401CFB /* Release */,
			);
			defaultConfigurationIsVisible = 0;
			defaultConfigurationName = Release;
		};
		13122448256E3D3100401CFB /* Build configuration list for PBXNativeTarget "DiaryLessonTests" */ = {
			isa = XCConfigurationList;
			buildConfigurations = (
				13122449256E3D3100401CFB /* Debug */,
				1312244A256E3D3100401CFB /* Release */,
			);
			defaultConfigurationIsVisible = 0;
			defaultConfigurationName = Release;
		};
		1312244B256E3D3100401CFB /* Build configuration list for PBXNativeTarget "DiaryLessonUITests" */ = {
			isa = XCConfigurationList;
			buildConfigurations = (
				1312244C256E3D3100401CFB /* Debug */,
				1312244D256E3D3100401CFB /* Release */,
			);
			defaultConfigurationIsVisible = 0;
			defaultConfigurationName = Release;
		};
/* End XCConfigurationList section */
	};
	rootObject = 13122413256E3D2F00401CFB /* Project object */;
}
